
Microsoft Visual Studio Solution File, Format Version 12.00
# Visual Studio Version 17
VisualStudioVersion = 17.5.33516.290
MinimumVisualStudioVersion = 10.0.40219.1
Project("{FAE04EC0-301F-11D3-BF4B-00C04F79EFBC}") = "Converter", "Converter\Converter.csproj", "{71F9C933-3EF4-44BD-A7EA-CA7E96938E72}"
EndProject
Project("{FAE04EC0-301F-11D3-BF4B-00C04F79EFBC}") = "Setting", "Setting\Setting.csproj", "{2C1D8A0E-A65A-40DD-BD88-3A6E850F37B8}"
EndProject
Project("{2150E333-8FDC-42A3-9474-1A3956D46DE8}") = "Support", "Support", "{93CC1608-56DF-40DC-9A6C-08085D66780B}"
EndProject
Project("{FAE04EC0-301F-11D3-BF4B-00C04F79EFBC}") = "Version", "Support\Version\Version.csproj", "{51FE7103-11A2-42DF-A92F-250E55F6B846}"
EndProject
Project("{FAE04EC0-301F-11D3-BF4B-00C04F79EFBC}") = "Tests", "Tests\Tests.csproj", "{2F25FB84-5B65-4229-89E2-8AE573A6EAE6}"
EndProject
Project("{FAE04EC0-301F-11D3-BF4B-00C04F79EFBC}") = "User", "User\User.csproj", "{385975B5-097E-4331-809F-5E01EF473CD3}"
EndProject
Project("{FAE04EC0-301F-11D3-BF4B-00C04F79EFBC}") = "Workspace", "Workspace\Workspace.csproj", "{7C261ABB-F84C-4463-ADF8-ED2B6D3A15CD}"
EndProject
Global
	GlobalSection(SolutionConfigurationPlatforms) = preSolution
		Debug|Any CPU = Debug|Any CPU
		Release|Any CPU = Release|Any CPU
	EndGlobalSection
	GlobalSection(ProjectConfigurationPlatforms) = postSolution
		{71F9C933-3EF4-44BD-A7EA-CA7E96938E72}.Debug|Any CPU.ActiveCfg = Debug|Any CPU
		{71F9C933-3EF4-44BD-A7EA-CA7E96938E72}.Debug|Any CPU.Build.0 = Debug|Any CPU
		{71F9C933-3EF4-44BD-A7EA-CA7E96938E72}.Release|Any CPU.ActiveCfg = Release|Any CPU
		{71F9C933-3EF4-44BD-A7EA-CA7E96938E72}.Release|Any CPU.Build.0 = Release|Any CPU
		{2C1D8A0E-A65A-40DD-BD88-3A6E850F37B8}.Debug|Any CPU.ActiveCfg = Debug|Any CPU
		{2C1D8A0E-A65A-40DD-BD88-3A6E850F37B8}.Debug|Any CPU.Build.0 = Debug|Any CPU
		{2C1D8A0E-A65A-40DD-BD88-3A6E850F37B8}.Release|Any CPU.ActiveCfg = Release|Any CPU
		{2C1D8A0E-A65A-40DD-BD88-3A6E850F37B8}.Release|Any CPU.Build.0 = Release|Any CPU
		{51FE7103-11A2-42DF-A92F-250E55F6B846}.Debug|Any CPU.ActiveCfg = Debug|Any CPU
		{51FE7103-11A2-42DF-A92F-250E55F6B846}.Debug|Any CPU.Build.0 = Debug|Any CPU
		{51FE7103-11A2-42DF-A92F-250E55F6B846}.Release|Any CPU.ActiveCfg = Release|Any CPU
		{51FE7103-11A2-42DF-A92F-250E55F6B846}.Release|Any CPU.Build.0 = Release|Any CPU
		{2F25FB84-5B65-4229-89E2-8AE573A6EAE6}.Debug|Any CPU.ActiveCfg = Debug|Any CPU
		{2F25FB84-5B65-4229-89E2-8AE573A6EAE6}.Debug|Any CPU.Build.0 = Debug|Any CPU
		{2F25FB84-5B65-4229-89E2-8AE573A6EAE6}.Release|Any CPU.ActiveCfg = Release|Any CPU
		{2F25FB84-5B65-4229-89E2-8AE573A6EAE6}.Release|Any CPU.Build.0 = Release|Any CPU
		{385975B5-097E-4331-809F-5E01EF473CD3}.Debug|Any CPU.ActiveCfg = Debug|Any CPU
		{385975B5-097E-4331-809F-5E01EF473CD3}.Debug|Any CPU.Build.0 = Debug|Any CPU
		{385975B5-097E-4331-809F-5E01EF473CD3}.Release|Any CPU.ActiveCfg = Release|Any CPU
		{385975B5-097E-4331-809F-5E01EF473CD3}.Release|Any CPU.Build.0 = Release|Any CPU
		{7C261ABB-F84C-4463-ADF8-ED2B6D3A15CD}.Debug|Any CPU.ActiveCfg = Debug|Any CPU
		{7C261ABB-F84C-4463-ADF8-ED2B6D3A15CD}.Debug|Any CPU.Build.0 = Debug|Any CPU
		{7C261ABB-F84C-4463-ADF8-ED2B6D3A15CD}.Release|Any CPU.ActiveCfg = Release|Any CPU
		{7C261ABB-F84C-4463-ADF8-ED2B6D3A15CD}.Release|Any CPU.Build.0 = Release|Any CPU
	EndGlobalSection
	GlobalSection(SolutionProperties) = preSolution
		HideSolutionNode = FALSE
	EndGlobalSection
	GlobalSection(ExtensibilityGlobals) = postSolution
		SolutionGuid = {4849F447-31F0-4520-8C48-C7C62D357D47}
	EndGlobalSection
	GlobalSection(NestedProjects) = preSolution
		{51FE7103-11A2-42DF-A92F-250E55F6B846} = {93CC1608-56DF-40DC-9A6C-08085D66780B}
	EndGlobalSection
EndGlobal
