
Microsoft Visual Studio Solution File, Format Version 12.00
# Visual Studio Version 17
VisualStudioVersion = 17.5.33516.290
MinimumVisualStudioVersion = 10.0.40219.1
Project("{FAE04EC0-301F-11D3-BF4B-00C04F79EFBC}") = "Tests", "Tests\Tests.csproj", "{960A0236-B67E-4B55-962B-2039091507BE}"
EndProject
Project("{2150E333-8FDC-42A3-9474-1A3956D46DE8}") = "Support", "Support", "{7C3615E0-092D-44E1-A0EA-3EBE6FF8F6E6}"
EndProject
Project("{FAE04EC0-301F-11D3-BF4B-00C04F79EFBC}") = "Version", "Support\Version\Version.csproj", "{7DB18151-AA41-47E7-9C38-F48D76C3FE2B}"
EndProject
Project("{FAE04EC0-301F-11D3-BF4B-00C04F79EFBC}") = "Types", "Support\Types\Types.csproj", "{6558F9D9-71E2-492F-A2B3-2B5A140160A2}"
EndProject
Project("{FAE04EC0-301F-11D3-BF4B-00C04F79EFBC}") = "Setting", "Setting\Setting.csproj", "{036966DA-C206-4076-AE96-98A31F51B51D}"
EndProject
Project("{FAE04EC0-301F-11D3-BF4B-00C04F79EFBC}") = "Charaster", "Charaster\Charaster.csproj", "{1E2FBBA3-5133-4ED3-8FCD-E94F92043BA4}"
EndProject
Project("{2150E333-8FDC-42A3-9474-1A3956D46DE8}") = "Characteristics", "Characteristics", "{8C6ACDD4-D752-4311-A1FE-CBD4583BA8AE}"
EndProject
Project("{FAE04EC0-301F-11D3-BF4B-00C04F79EFBC}") = "Secondary", "Characteristics\Secondary\Secondary.csproj", "{55273DAB-1B64-4270-B36E-4E41F6F28DBE}"
EndProject
Project("{FAE04EC0-301F-11D3-BF4B-00C04F79EFBC}") = "Basic", "Characteristics\Basic\Basic.csproj", "{424745E8-86D2-45DC-9BA3-6F20598AB963}"
EndProject
Project("{2150E333-8FDC-42A3-9474-1A3956D46DE8}") = "Workspace", "Workspace", "{422E3E19-DE92-432B-844D-8D33A0EF591F}"
EndProject
Project("{FAE04EC0-301F-11D3-BF4B-00C04F79EFBC}") = "Create", "Workspace\Create\Create.csproj", "{B79F7B79-DFC3-425D-87EC-054B227A58E3}"
EndProject
Project("{FAE04EC0-301F-11D3-BF4B-00C04F79EFBC}") = "Container", "Workspace\Container\Container.csproj", "{45D87CAF-F518-4A2A-A89B-F9AA7D307ACB}"
EndProject
Project("{FAE04EC0-301F-11D3-BF4B-00C04F79EFBC}") = "Modifier", "Workspace\Modifier\Modifier.csproj", "{C33C8C77-A8B4-4730-ABAF-334C4EE57B5A}"
EndProject
Project("{FAE04EC0-301F-11D3-BF4B-00C04F79EFBC}") = "Blank", "Workspace\Blank\Blank.csproj", "{4DBB73AE-5606-45DA-AFB9-971FD9884460}"
EndProject
Project("{FAE04EC0-301F-11D3-BF4B-00C04F79EFBC}") = "Measure", "Measure\Measure.csproj", "{C82F8009-D4CC-4985-9431-08887BD0F6A8}"
EndProject
Project("{FAE04EC0-301F-11D3-BF4B-00C04F79EFBC}") = "Program", "Program\Program.csproj", "{4F4C6F82-0070-485F-8FA2-17CAF3F47C62}"
EndProject
Project("{FAE04EC0-301F-11D3-BF4B-00C04F79EFBC}") = "Converter", "Converter\Converter.csproj", "{74B3B32A-FD07-4C56-85E6-62B5ED6B0F06}"
EndProject
Project("{FAE04EC0-301F-11D3-BF4B-00C04F79EFBC}") = "Unit", "Measure.Unit\Unit.csproj", "{6C3A74EA-F9B8-4B80-BA8C-40CAC7BB22C7}"
EndProject
Project("{FAE04EC0-301F-11D3-BF4B-00C04F79EFBC}") = "User", "User\User.csproj", "{B21696D6-491D-4650-A40D-BBBE164001FA}"
EndProject
Global
	GlobalSection(SolutionConfigurationPlatforms) = preSolution
		Debug|Any CPU = Debug|Any CPU
		Release|Any CPU = Release|Any CPU
	EndGlobalSection
	GlobalSection(ProjectConfigurationPlatforms) = postSolution
		{960A0236-B67E-4B55-962B-2039091507BE}.Debug|Any CPU.ActiveCfg = Debug|Any CPU
		{960A0236-B67E-4B55-962B-2039091507BE}.Debug|Any CPU.Build.0 = Debug|Any CPU
		{960A0236-B67E-4B55-962B-2039091507BE}.Release|Any CPU.ActiveCfg = Release|Any CPU
		{960A0236-B67E-4B55-962B-2039091507BE}.Release|Any CPU.Build.0 = Release|Any CPU
		{7DB18151-AA41-47E7-9C38-F48D76C3FE2B}.Debug|Any CPU.ActiveCfg = Debug|Any CPU
		{7DB18151-AA41-47E7-9C38-F48D76C3FE2B}.Debug|Any CPU.Build.0 = Debug|Any CPU
		{7DB18151-AA41-47E7-9C38-F48D76C3FE2B}.Release|Any CPU.ActiveCfg = Release|Any CPU
		{7DB18151-AA41-47E7-9C38-F48D76C3FE2B}.Release|Any CPU.Build.0 = Release|Any CPU
		{6558F9D9-71E2-492F-A2B3-2B5A140160A2}.Debug|Any CPU.ActiveCfg = Debug|Any CPU
		{6558F9D9-71E2-492F-A2B3-2B5A140160A2}.Debug|Any CPU.Build.0 = Debug|Any CPU
		{6558F9D9-71E2-492F-A2B3-2B5A140160A2}.Release|Any CPU.ActiveCfg = Release|Any CPU
		{6558F9D9-71E2-492F-A2B3-2B5A140160A2}.Release|Any CPU.Build.0 = Release|Any CPU
		{036966DA-C206-4076-AE96-98A31F51B51D}.Debug|Any CPU.ActiveCfg = Debug|Any CPU
		{036966DA-C206-4076-AE96-98A31F51B51D}.Debug|Any CPU.Build.0 = Debug|Any CPU
		{036966DA-C206-4076-AE96-98A31F51B51D}.Release|Any CPU.ActiveCfg = Release|Any CPU
		{036966DA-C206-4076-AE96-98A31F51B51D}.Release|Any CPU.Build.0 = Release|Any CPU
		{1E2FBBA3-5133-4ED3-8FCD-E94F92043BA4}.Debug|Any CPU.ActiveCfg = Debug|Any CPU
		{1E2FBBA3-5133-4ED3-8FCD-E94F92043BA4}.Debug|Any CPU.Build.0 = Debug|Any CPU
		{1E2FBBA3-5133-4ED3-8FCD-E94F92043BA4}.Release|Any CPU.ActiveCfg = Release|Any CPU
		{1E2FBBA3-5133-4ED3-8FCD-E94F92043BA4}.Release|Any CPU.Build.0 = Release|Any CPU
		{55273DAB-1B64-4270-B36E-4E41F6F28DBE}.Debug|Any CPU.ActiveCfg = Debug|Any CPU
		{55273DAB-1B64-4270-B36E-4E41F6F28DBE}.Debug|Any CPU.Build.0 = Debug|Any CPU
		{55273DAB-1B64-4270-B36E-4E41F6F28DBE}.Release|Any CPU.ActiveCfg = Release|Any CPU
		{55273DAB-1B64-4270-B36E-4E41F6F28DBE}.Release|Any CPU.Build.0 = Release|Any CPU
		{424745E8-86D2-45DC-9BA3-6F20598AB963}.Debug|Any CPU.ActiveCfg = Debug|Any CPU
		{424745E8-86D2-45DC-9BA3-6F20598AB963}.Debug|Any CPU.Build.0 = Debug|Any CPU
		{424745E8-86D2-45DC-9BA3-6F20598AB963}.Release|Any CPU.ActiveCfg = Release|Any CPU
		{424745E8-86D2-45DC-9BA3-6F20598AB963}.Release|Any CPU.Build.0 = Release|Any CPU
		{B79F7B79-DFC3-425D-87EC-054B227A58E3}.Debug|Any CPU.ActiveCfg = Debug|Any CPU
		{B79F7B79-DFC3-425D-87EC-054B227A58E3}.Debug|Any CPU.Build.0 = Debug|Any CPU
		{B79F7B79-DFC3-425D-87EC-054B227A58E3}.Release|Any CPU.ActiveCfg = Release|Any CPU
		{B79F7B79-DFC3-425D-87EC-054B227A58E3}.Release|Any CPU.Build.0 = Release|Any CPU
		{45D87CAF-F518-4A2A-A89B-F9AA7D307ACB}.Debug|Any CPU.ActiveCfg = Debug|Any CPU
		{45D87CAF-F518-4A2A-A89B-F9AA7D307ACB}.Debug|Any CPU.Build.0 = Debug|Any CPU
		{45D87CAF-F518-4A2A-A89B-F9AA7D307ACB}.Release|Any CPU.ActiveCfg = Release|Any CPU
		{45D87CAF-F518-4A2A-A89B-F9AA7D307ACB}.Release|Any CPU.Build.0 = Release|Any CPU
		{C33C8C77-A8B4-4730-ABAF-334C4EE57B5A}.Debug|Any CPU.ActiveCfg = Debug|Any CPU
		{C33C8C77-A8B4-4730-ABAF-334C4EE57B5A}.Debug|Any CPU.Build.0 = Debug|Any CPU
		{C33C8C77-A8B4-4730-ABAF-334C4EE57B5A}.Release|Any CPU.ActiveCfg = Release|Any CPU
		{C33C8C77-A8B4-4730-ABAF-334C4EE57B5A}.Release|Any CPU.Build.0 = Release|Any CPU
		{4DBB73AE-5606-45DA-AFB9-971FD9884460}.Debug|Any CPU.ActiveCfg = Debug|Any CPU
		{4DBB73AE-5606-45DA-AFB9-971FD9884460}.Debug|Any CPU.Build.0 = Debug|Any CPU
		{4DBB73AE-5606-45DA-AFB9-971FD9884460}.Release|Any CPU.ActiveCfg = Release|Any CPU
		{4DBB73AE-5606-45DA-AFB9-971FD9884460}.Release|Any CPU.Build.0 = Release|Any CPU
		{C82F8009-D4CC-4985-9431-08887BD0F6A8}.Debug|Any CPU.ActiveCfg = Debug|Any CPU
		{C82F8009-D4CC-4985-9431-08887BD0F6A8}.Debug|Any CPU.Build.0 = Debug|Any CPU
		{C82F8009-D4CC-4985-9431-08887BD0F6A8}.Release|Any CPU.ActiveCfg = Release|Any CPU
		{C82F8009-D4CC-4985-9431-08887BD0F6A8}.Release|Any CPU.Build.0 = Release|Any CPU
		{4F4C6F82-0070-485F-8FA2-17CAF3F47C62}.Debug|Any CPU.ActiveCfg = Debug|Any CPU
		{4F4C6F82-0070-485F-8FA2-17CAF3F47C62}.Debug|Any CPU.Build.0 = Debug|Any CPU
		{4F4C6F82-0070-485F-8FA2-17CAF3F47C62}.Release|Any CPU.ActiveCfg = Release|Any CPU
		{4F4C6F82-0070-485F-8FA2-17CAF3F47C62}.Release|Any CPU.Build.0 = Release|Any CPU
		{74B3B32A-FD07-4C56-85E6-62B5ED6B0F06}.Debug|Any CPU.ActiveCfg = Debug|Any CPU
		{74B3B32A-FD07-4C56-85E6-62B5ED6B0F06}.Debug|Any CPU.Build.0 = Debug|Any CPU
		{74B3B32A-FD07-4C56-85E6-62B5ED6B0F06}.Release|Any CPU.ActiveCfg = Release|Any CPU
		{74B3B32A-FD07-4C56-85E6-62B5ED6B0F06}.Release|Any CPU.Build.0 = Release|Any CPU
		{6C3A74EA-F9B8-4B80-BA8C-40CAC7BB22C7}.Debug|Any CPU.ActiveCfg = Debug|Any CPU
		{6C3A74EA-F9B8-4B80-BA8C-40CAC7BB22C7}.Debug|Any CPU.Build.0 = Debug|Any CPU
		{6C3A74EA-F9B8-4B80-BA8C-40CAC7BB22C7}.Release|Any CPU.ActiveCfg = Release|Any CPU
		{6C3A74EA-F9B8-4B80-BA8C-40CAC7BB22C7}.Release|Any CPU.Build.0 = Release|Any CPU
		{B21696D6-491D-4650-A40D-BBBE164001FA}.Debug|Any CPU.ActiveCfg = Debug|Any CPU
		{B21696D6-491D-4650-A40D-BBBE164001FA}.Debug|Any CPU.Build.0 = Debug|Any CPU
		{B21696D6-491D-4650-A40D-BBBE164001FA}.Release|Any CPU.ActiveCfg = Release|Any CPU
		{B21696D6-491D-4650-A40D-BBBE164001FA}.Release|Any CPU.Build.0 = Release|Any CPU
	EndGlobalSection
	GlobalSection(SolutionProperties) = preSolution
		HideSolutionNode = FALSE
	EndGlobalSection
	GlobalSection(ExtensibilityGlobals) = postSolution
	EndGlobalSection
	GlobalSection(NestedProjects) = preSolution
		{7DB18151-AA41-47E7-9C38-F48D76C3FE2B} = {7C3615E0-092D-44E1-A0EA-3EBE6FF8F6E6}
		{6558F9D9-71E2-492F-A2B3-2B5A140160A2} = {7C3615E0-092D-44E1-A0EA-3EBE6FF8F6E6}
		{55273DAB-1B64-4270-B36E-4E41F6F28DBE} = {8C6ACDD4-D752-4311-A1FE-CBD4583BA8AE}
		{424745E8-86D2-45DC-9BA3-6F20598AB963} = {8C6ACDD4-D752-4311-A1FE-CBD4583BA8AE}
		{B79F7B79-DFC3-425D-87EC-054B227A58E3} = {422E3E19-DE92-432B-844D-8D33A0EF591F}
		{45D87CAF-F518-4A2A-A89B-F9AA7D307ACB} = {422E3E19-DE92-432B-844D-8D33A0EF591F}
		{C33C8C77-A8B4-4730-ABAF-334C4EE57B5A} = {422E3E19-DE92-432B-844D-8D33A0EF591F}
		{4DBB73AE-5606-45DA-AFB9-971FD9884460} = {422E3E19-DE92-432B-844D-8D33A0EF591F}
	EndGlobalSection
EndGlobal
