
Microsoft Visual Studio Solution File, Format Version 12.00
# Visual Studio Version 17
VisualStudioVersion = 17.5.33516.290
MinimumVisualStudioVersion = 10.0.40219.1
Project("{2150E333-8FDC-42A3-9474-1A3956D46DE8}") = "Workspace", "Workspace", "{0C860632-2F0B-4B3B-BCB5-68822436A50F}"
EndProject
Project("{FAE04EC0-301F-11D3-BF4B-00C04F79EFBC}") = "Create", "Workspace\Create\Create.csproj", "{49366177-4559-42EF-9BD3-679BC6D99D14}"
EndProject
Project("{FAE04EC0-301F-11D3-BF4B-00C04F79EFBC}") = "Container", "Workspace\Container\Container.csproj", "{AFEEB3B5-7373-4CBF-BB56-164DC428B13E}"
EndProject
Project("{FAE04EC0-301F-11D3-BF4B-00C04F79EFBC}") = "Blank", "Workspace\Blank\Blank.csproj", "{E7CAA8EC-1789-4407-A22B-99D09854CA9A}"
EndProject
Project("{FAE04EC0-301F-11D3-BF4B-00C04F79EFBC}") = "User", "User\User.csproj", "{965DA8FE-7525-4B55-B3B3-3054114090A0}"
EndProject
Project("{FAE04EC0-301F-11D3-BF4B-00C04F79EFBC}") = "Tests", "Tests\Tests.csproj", "{A27FF082-D1F9-478C-9420-D4E1E4B8F502}"
EndProject
Project("{2150E333-8FDC-42A3-9474-1A3956D46DE8}") = "Support", "Support", "{8E12DD6F-244A-4CCD-A3CA-43D6F9B733CC}"
EndProject
Project("{FAE04EC0-301F-11D3-BF4B-00C04F79EFBC}") = "Version", "Support\Version\Version.csproj", "{E8B8AEED-BF76-4F7D-B05E-83BF548FCD64}"
EndProject
Project("{FAE04EC0-301F-11D3-BF4B-00C04F79EFBC}") = "Setting", "Setting\Setting.csproj", "{2FA31FB8-6850-419D-B7C7-822DD4736CDD}"
EndProject
Project("{FAE04EC0-301F-11D3-BF4B-00C04F79EFBC}") = "Modifier", "Workspace\Modifier\Modifier.csproj", "{E1EB2918-89F8-4CEE-BB16-FC7CFF4A7759}"
EndProject
Project("{FAE04EC0-301F-11D3-BF4B-00C04F79EFBC}") = "Types", "Support\Types\Types.csproj", "{B470D143-D217-4C99-B28F-E03293A41F83}"
EndProject
Project("{FAE04EC0-301F-11D3-BF4B-00C04F79EFBC}") = "Measure", "Measure\Measure.csproj", "{61160A66-8D8F-4E89-9B0F-2578FD8B25B5}"
EndProject
Project("{FAE04EC0-301F-11D3-BF4B-00C04F79EFBC}") = "Unit", "Measure.Unit\Unit.csproj", "{12A2856C-F96F-40A0-B242-AF0D4C285838}"
EndProject
Project("{2150E333-8FDC-42A3-9474-1A3956D46DE8}") = "Characteristics", "Characteristics", "{36FA0F2D-3530-4EBA-9046-C9131865CB75}"
EndProject
Project("{FAE04EC0-301F-11D3-BF4B-00C04F79EFBC}") = "Basic", "Characteristics\Basic\Basic.csproj", "{9C950B06-665E-4A6C-A85A-956F4C8916CF}"
EndProject
Project("{FAE04EC0-301F-11D3-BF4B-00C04F79EFBC}") = "Secondary", "Characteristics\Secondary\Secondary.csproj", "{2C9796B5-470A-4563-8308-71ED093EB47A}"
EndProject
Project("{FAE04EC0-301F-11D3-BF4B-00C04F79EFBC}") = "Converter", "Converter\Converter.csproj", "{54CA8047-C9F1-4558-AE88-6182568DDD79}"
EndProject
Project("{FAE04EC0-301F-11D3-BF4B-00C04F79EFBC}") = "Program", "Program\Program.csproj", "{933C9F61-EC7C-4A51-A4AB-C6020FF16882}"
EndProject
Global
	GlobalSection(SolutionConfigurationPlatforms) = preSolution
		Debug|Any CPU = Debug|Any CPU
		Release|Any CPU = Release|Any CPU
	EndGlobalSection
	GlobalSection(ProjectConfigurationPlatforms) = postSolution
		{49366177-4559-42EF-9BD3-679BC6D99D14}.Debug|Any CPU.ActiveCfg = Debug|Any CPU
		{49366177-4559-42EF-9BD3-679BC6D99D14}.Debug|Any CPU.Build.0 = Debug|Any CPU
		{49366177-4559-42EF-9BD3-679BC6D99D14}.Release|Any CPU.ActiveCfg = Release|Any CPU
		{49366177-4559-42EF-9BD3-679BC6D99D14}.Release|Any CPU.Build.0 = Release|Any CPU
		{AFEEB3B5-7373-4CBF-BB56-164DC428B13E}.Debug|Any CPU.ActiveCfg = Debug|Any CPU
		{AFEEB3B5-7373-4CBF-BB56-164DC428B13E}.Debug|Any CPU.Build.0 = Debug|Any CPU
		{AFEEB3B5-7373-4CBF-BB56-164DC428B13E}.Release|Any CPU.ActiveCfg = Release|Any CPU
		{AFEEB3B5-7373-4CBF-BB56-164DC428B13E}.Release|Any CPU.Build.0 = Release|Any CPU
		{E7CAA8EC-1789-4407-A22B-99D09854CA9A}.Debug|Any CPU.ActiveCfg = Debug|Any CPU
		{E7CAA8EC-1789-4407-A22B-99D09854CA9A}.Debug|Any CPU.Build.0 = Debug|Any CPU
		{E7CAA8EC-1789-4407-A22B-99D09854CA9A}.Release|Any CPU.ActiveCfg = Release|Any CPU
		{E7CAA8EC-1789-4407-A22B-99D09854CA9A}.Release|Any CPU.Build.0 = Release|Any CPU
		{965DA8FE-7525-4B55-B3B3-3054114090A0}.Debug|Any CPU.ActiveCfg = Debug|Any CPU
		{965DA8FE-7525-4B55-B3B3-3054114090A0}.Debug|Any CPU.Build.0 = Debug|Any CPU
		{965DA8FE-7525-4B55-B3B3-3054114090A0}.Release|Any CPU.ActiveCfg = Release|Any CPU
		{965DA8FE-7525-4B55-B3B3-3054114090A0}.Release|Any CPU.Build.0 = Release|Any CPU
		{A27FF082-D1F9-478C-9420-D4E1E4B8F502}.Debug|Any CPU.ActiveCfg = Debug|Any CPU
		{A27FF082-D1F9-478C-9420-D4E1E4B8F502}.Debug|Any CPU.Build.0 = Debug|Any CPU
		{A27FF082-D1F9-478C-9420-D4E1E4B8F502}.Release|Any CPU.ActiveCfg = Release|Any CPU
		{A27FF082-D1F9-478C-9420-D4E1E4B8F502}.Release|Any CPU.Build.0 = Release|Any CPU
		{E8B8AEED-BF76-4F7D-B05E-83BF548FCD64}.Debug|Any CPU.ActiveCfg = Debug|Any CPU
		{E8B8AEED-BF76-4F7D-B05E-83BF548FCD64}.Debug|Any CPU.Build.0 = Debug|Any CPU
		{E8B8AEED-BF76-4F7D-B05E-83BF548FCD64}.Release|Any CPU.ActiveCfg = Release|Any CPU
		{E8B8AEED-BF76-4F7D-B05E-83BF548FCD64}.Release|Any CPU.Build.0 = Release|Any CPU
		{2FA31FB8-6850-419D-B7C7-822DD4736CDD}.Debug|Any CPU.ActiveCfg = Debug|Any CPU
		{2FA31FB8-6850-419D-B7C7-822DD4736CDD}.Debug|Any CPU.Build.0 = Debug|Any CPU
		{2FA31FB8-6850-419D-B7C7-822DD4736CDD}.Release|Any CPU.ActiveCfg = Release|Any CPU
		{2FA31FB8-6850-419D-B7C7-822DD4736CDD}.Release|Any CPU.Build.0 = Release|Any CPU
		{E1EB2918-89F8-4CEE-BB16-FC7CFF4A7759}.Debug|Any CPU.ActiveCfg = Debug|Any CPU
		{E1EB2918-89F8-4CEE-BB16-FC7CFF4A7759}.Debug|Any CPU.Build.0 = Debug|Any CPU
		{E1EB2918-89F8-4CEE-BB16-FC7CFF4A7759}.Release|Any CPU.ActiveCfg = Release|Any CPU
		{E1EB2918-89F8-4CEE-BB16-FC7CFF4A7759}.Release|Any CPU.Build.0 = Release|Any CPU
		{B470D143-D217-4C99-B28F-E03293A41F83}.Debug|Any CPU.ActiveCfg = Debug|Any CPU
		{B470D143-D217-4C99-B28F-E03293A41F83}.Debug|Any CPU.Build.0 = Debug|Any CPU
		{B470D143-D217-4C99-B28F-E03293A41F83}.Release|Any CPU.ActiveCfg = Release|Any CPU
		{B470D143-D217-4C99-B28F-E03293A41F83}.Release|Any CPU.Build.0 = Release|Any CPU
		{6BD24F7D-AB85-40CD-B501-D7CBE85B335C}.Debug|Any CPU.ActiveCfg = Debug|Any CPU
		{6BD24F7D-AB85-40CD-B501-D7CBE85B335C}.Debug|Any CPU.Build.0 = Debug|Any CPU
		{6BD24F7D-AB85-40CD-B501-D7CBE85B335C}.Release|Any CPU.ActiveCfg = Release|Any CPU
		{6BD24F7D-AB85-40CD-B501-D7CBE85B335C}.Release|Any CPU.Build.0 = Release|Any CPU
		{AD726E90-E1CF-4A90-9EC9-88B55656F008}.Debug|Any CPU.ActiveCfg = Debug|Any CPU
		{AD726E90-E1CF-4A90-9EC9-88B55656F008}.Debug|Any CPU.Build.0 = Debug|Any CPU
		{AD726E90-E1CF-4A90-9EC9-88B55656F008}.Release|Any CPU.ActiveCfg = Release|Any CPU
		{AD726E90-E1CF-4A90-9EC9-88B55656F008}.Release|Any CPU.Build.0 = Release|Any CPU
		{61160A66-8D8F-4E89-9B0F-2578FD8B25B5}.Debug|Any CPU.ActiveCfg = Debug|Any CPU
		{61160A66-8D8F-4E89-9B0F-2578FD8B25B5}.Debug|Any CPU.Build.0 = Debug|Any CPU
		{61160A66-8D8F-4E89-9B0F-2578FD8B25B5}.Release|Any CPU.ActiveCfg = Release|Any CPU
		{61160A66-8D8F-4E89-9B0F-2578FD8B25B5}.Release|Any CPU.Build.0 = Release|Any CPU
		{12A2856C-F96F-40A0-B242-AF0D4C285838}.Debug|Any CPU.ActiveCfg = Debug|Any CPU
		{12A2856C-F96F-40A0-B242-AF0D4C285838}.Debug|Any CPU.Build.0 = Debug|Any CPU
		{12A2856C-F96F-40A0-B242-AF0D4C285838}.Release|Any CPU.ActiveCfg = Release|Any CPU
		{12A2856C-F96F-40A0-B242-AF0D4C285838}.Release|Any CPU.Build.0 = Release|Any CPU
		{9C950B06-665E-4A6C-A85A-956F4C8916CF}.Debug|Any CPU.ActiveCfg = Debug|Any CPU
		{9C950B06-665E-4A6C-A85A-956F4C8916CF}.Debug|Any CPU.Build.0 = Debug|Any CPU
		{9C950B06-665E-4A6C-A85A-956F4C8916CF}.Release|Any CPU.ActiveCfg = Release|Any CPU
		{9C950B06-665E-4A6C-A85A-956F4C8916CF}.Release|Any CPU.Build.0 = Release|Any CPU
		{2C9796B5-470A-4563-8308-71ED093EB47A}.Debug|Any CPU.ActiveCfg = Debug|Any CPU
		{2C9796B5-470A-4563-8308-71ED093EB47A}.Debug|Any CPU.Build.0 = Debug|Any CPU
		{2C9796B5-470A-4563-8308-71ED093EB47A}.Release|Any CPU.ActiveCfg = Release|Any CPU
		{2C9796B5-470A-4563-8308-71ED093EB47A}.Release|Any CPU.Build.0 = Release|Any CPU
		{54CA8047-C9F1-4558-AE88-6182568DDD79}.Debug|Any CPU.ActiveCfg = Debug|Any CPU
		{54CA8047-C9F1-4558-AE88-6182568DDD79}.Debug|Any CPU.Build.0 = Debug|Any CPU
		{54CA8047-C9F1-4558-AE88-6182568DDD79}.Release|Any CPU.ActiveCfg = Release|Any CPU
		{54CA8047-C9F1-4558-AE88-6182568DDD79}.Release|Any CPU.Build.0 = Release|Any CPU
		{933C9F61-EC7C-4A51-A4AB-C6020FF16882}.Debug|Any CPU.ActiveCfg = Debug|Any CPU
		{933C9F61-EC7C-4A51-A4AB-C6020FF16882}.Debug|Any CPU.Build.0 = Debug|Any CPU
		{933C9F61-EC7C-4A51-A4AB-C6020FF16882}.Release|Any CPU.ActiveCfg = Release|Any CPU
		{933C9F61-EC7C-4A51-A4AB-C6020FF16882}.Release|Any CPU.Build.0 = Release|Any CPU
	EndGlobalSection
	GlobalSection(SolutionProperties) = preSolution
		HideSolutionNode = FALSE
	EndGlobalSection
	GlobalSection(ExtensibilityGlobals) = postSolution
	EndGlobalSection
	GlobalSection(NestedProjects) = preSolution
		{49366177-4559-42EF-9BD3-679BC6D99D14} = {0C860632-2F0B-4B3B-BCB5-68822436A50F}
		{AFEEB3B5-7373-4CBF-BB56-164DC428B13E} = {0C860632-2F0B-4B3B-BCB5-68822436A50F}
		{E7CAA8EC-1789-4407-A22B-99D09854CA9A} = {0C860632-2F0B-4B3B-BCB5-68822436A50F}
		{E8B8AEED-BF76-4F7D-B05E-83BF548FCD64} = {8E12DD6F-244A-4CCD-A3CA-43D6F9B733CC}
		{E1EB2918-89F8-4CEE-BB16-FC7CFF4A7759} = {0C860632-2F0B-4B3B-BCB5-68822436A50F}
		{B470D143-D217-4C99-B28F-E03293A41F83} = {8E12DD6F-244A-4CCD-A3CA-43D6F9B733CC}
		{9C950B06-665E-4A6C-A85A-956F4C8916CF} = {36FA0F2D-3530-4EBA-9046-C9131865CB75}
		{2C9796B5-470A-4563-8308-71ED093EB47A} = {36FA0F2D-3530-4EBA-9046-C9131865CB75}
	EndGlobalSection
EndGlobal
